
Microsoft Visual Studio Solution File, Format Version 12.00
# Visual Studio Version 17
VisualStudioVersion = 17.5.002.0
MinimumVisualStudioVersion = 10.0.40219.1
Project("{9A19103F-16F7-4668-BE54-9A1E7A4F7556}") = "TeDo.Client", "Client\TeDo.Client.csproj", "{8144C2AE-FCFB-4248-92F2-3E8992636441}"
EndProject
Project("{9A19103F-16F7-4668-BE54-9A1E7A4F7556}") = "TeDo.Server", "Server\TeDo.Server.csproj", "{19EA13E8-74DF-4F3A-815B-20F8B3DE851D}"
EndProject
Project("{9A19103F-16F7-4668-BE54-9A1E7A4F7556}") = "TeDo.Shared", "Shared\TeDo.Shared.csproj", "{8EE85A00-123F-4F57-9439-85E1F9E3C3C6}"
EndProject
Project("{9A19103F-16F7-4668-BE54-9A1E7A4F7556}") = "TestApplication", "TestApplication\TestApplication.csproj", "{5BEA4816-6F0A-4267-86D1-5C5A084709A5}"
EndProject
Project("{9A19103F-16F7-4668-BE54-9A1E7A4F7556}") = "Libraries", "Libraries\Libraries.csproj", "{014CC127-068B-45CD-AC8A-AF9919432355}"
EndProject
Global
	GlobalSection(SolutionConfigurationPlatforms) = preSolution
		Debug|Any CPU = Debug|Any CPU
		Release|Any CPU = Release|Any CPU
	EndGlobalSection
	GlobalSection(ProjectConfigurationPlatforms) = postSolution
		{8144C2AE-FCFB-4248-92F2-3E8992636441}.Debug|Any CPU.ActiveCfg = Debug|Any CPU
		{8144C2AE-FCFB-4248-92F2-3E8992636441}.Debug|Any CPU.Build.0 = Debug|Any CPU
		{8144C2AE-FCFB-4248-92F2-3E8992636441}.Release|Any CPU.ActiveCfg = Release|Any CPU
		{8144C2AE-FCFB-4248-92F2-3E8992636441}.Release|Any CPU.Build.0 = Release|Any CPU
		{19EA13E8-74DF-4F3A-815B-20F8B3DE851D}.Debug|Any CPU.ActiveCfg = Debug|Any CPU
		{19EA13E8-74DF-4F3A-815B-20F8B3DE851D}.Debug|Any CPU.Build.0 = Debug|Any CPU
		{19EA13E8-74DF-4F3A-815B-20F8B3DE851D}.Release|Any CPU.ActiveCfg = Release|Any CPU
		{19EA13E8-74DF-4F3A-815B-20F8B3DE851D}.Release|Any CPU.Build.0 = Release|Any CPU
		{8EE85A00-123F-4F57-9439-85E1F9E3C3C6}.Debug|Any CPU.ActiveCfg = Debug|Any CPU
		{8EE85A00-123F-4F57-9439-85E1F9E3C3C6}.Debug|Any CPU.Build.0 = Debug|Any CPU
		{8EE85A00-123F-4F57-9439-85E1F9E3C3C6}.Release|Any CPU.ActiveCfg = Release|Any CPU
		{8EE85A00-123F-4F57-9439-85E1F9E3C3C6}.Release|Any CPU.Build.0 = Release|Any CPU
		{5BEA4816-6F0A-4267-86D1-5C5A084709A5}.Debug|Any CPU.ActiveCfg = Debug|Any CPU
		{5BEA4816-6F0A-4267-86D1-5C5A084709A5}.Debug|Any CPU.Build.0 = Debug|Any CPU
		{5BEA4816-6F0A-4267-86D1-5C5A084709A5}.Release|Any CPU.ActiveCfg = Release|Any CPU
		{5BEA4816-6F0A-4267-86D1-5C5A084709A5}.Release|Any CPU.Build.0 = Release|Any CPU
		{014CC127-068B-45CD-AC8A-AF9919432355}.Debug|Any CPU.ActiveCfg = Debug|Any CPU
		{014CC127-068B-45CD-AC8A-AF9919432355}.Debug|Any CPU.Build.0 = Debug|Any CPU
		{014CC127-068B-45CD-AC8A-AF9919432355}.Release|Any CPU.ActiveCfg = Release|Any CPU
		{014CC127-068B-45CD-AC8A-AF9919432355}.Release|Any CPU.Build.0 = Release|Any CPU
	EndGlobalSection
	GlobalSection(SolutionProperties) = preSolution
		HideSolutionNode = FALSE
	EndGlobalSection
	GlobalSection(ExtensibilityGlobals) = postSolution
		SolutionGuid = {F1060BC9-02DB-4590-AF5D-B90786B2232E}
	EndGlobalSection
EndGlobal
