
Microsoft Visual Studio Solution File, Format Version 12.00
# Visual Studio Version 17
VisualStudioVersion = 17.4.33213.308
MinimumVisualStudioVersion = 10.0.40219.1
Project("{FAE04EC0-301F-11D3-BF4B-00C04F79EFBC}") = "TeDoWebApp.Server", "TeDoWebApp\Server\TeDoWebApp.Server.csproj", "{78A839B0-1592-4CAB-821D-844054779944}"
EndProject
Project("{FAE04EC0-301F-11D3-BF4B-00C04F79EFBC}") = "TeDoWebApp.Client", "TeDoWebApp\Client\TeDoWebApp.Client.csproj", "{E951D280-BC6E-4C92-949D-2B1341EB97AB}"
EndProject
Project("{FAE04EC0-301F-11D3-BF4B-00C04F79EFBC}") = "TeDoWebApp.Shared", "TeDoWebApp\Shared\TeDoWebApp.Shared.csproj", "{55B56DCF-1BF6-4417-B796-085D169BCCAD}"
EndProject
Global
	GlobalSection(SolutionConfigurationPlatforms) = preSolution
		Debug|Any CPU = Debug|Any CPU
		Release|Any CPU = Release|Any CPU
	EndGlobalSection
	GlobalSection(ProjectConfigurationPlatforms) = postSolution
		{78A839B0-1592-4CAB-821D-844054779944}.Debug|Any CPU.ActiveCfg = Debug|Any CPU
		{78A839B0-1592-4CAB-821D-844054779944}.Debug|Any CPU.Build.0 = Debug|Any CPU
		{78A839B0-1592-4CAB-821D-844054779944}.Release|Any CPU.ActiveCfg = Release|Any CPU
		{78A839B0-1592-4CAB-821D-844054779944}.Release|Any CPU.Build.0 = Release|Any CPU
		{E951D280-BC6E-4C92-949D-2B1341EB97AB}.Debug|Any CPU.ActiveCfg = Debug|Any CPU
		{E951D280-BC6E-4C92-949D-2B1341EB97AB}.Debug|Any CPU.Build.0 = Debug|Any CPU
		{E951D280-BC6E-4C92-949D-2B1341EB97AB}.Release|Any CPU.ActiveCfg = Release|Any CPU
		{E951D280-BC6E-4C92-949D-2B1341EB97AB}.Release|Any CPU.Build.0 = Release|Any CPU
		{55B56DCF-1BF6-4417-B796-085D169BCCAD}.Debug|Any CPU.ActiveCfg = Debug|Any CPU
		{55B56DCF-1BF6-4417-B796-085D169BCCAD}.Debug|Any CPU.Build.0 = Debug|Any CPU
		{55B56DCF-1BF6-4417-B796-085D169BCCAD}.Release|Any CPU.ActiveCfg = Release|Any CPU
		{55B56DCF-1BF6-4417-B796-085D169BCCAD}.Release|Any CPU.Build.0 = Release|Any CPU
	EndGlobalSection
	GlobalSection(SolutionProperties) = preSolution
		HideSolutionNode = FALSE
	EndGlobalSection
	GlobalSection(ExtensibilityGlobals) = postSolution
		SolutionGuid = {B9B40F68-820A-4D21-BE68-30538BBAE9EB}
	EndGlobalSection
EndGlobal
