
Microsoft Visual Studio Solution File, Format Version 12.00
# Visual Studio Version 17
VisualStudioVersion = 17.6.33801.468
MinimumVisualStudioVersion = 10.0.40219.1
Project("{FAE04EC0-301F-11D3-BF4B-00C04F79EFBC}") = "TeDo.Server", "TeDo\Server\TeDo.Server.csproj", "{EA0A9453-7C32-4D32-B27B-F7D7D278671F}"
EndProject
Project("{FAE04EC0-301F-11D3-BF4B-00C04F79EFBC}") = "TeDo.Client", "TeDo\Client\TeDo.Client.csproj", "{44C41948-91E2-4B4A-94BC-AE3DEAFE1940}"
EndProject
Project("{FAE04EC0-301F-11D3-BF4B-00C04F79EFBC}") = "TeDo.Shared", "TeDo\Shared\TeDo.Shared.csproj", "{3B929FDD-E402-40E2-97B9-89D181E61599}"
EndProject
Global
	GlobalSection(SolutionConfigurationPlatforms) = preSolution
		Debug|Any CPU = Debug|Any CPU
		Release|Any CPU = Release|Any CPU
	EndGlobalSection
	GlobalSection(ProjectConfigurationPlatforms) = postSolution
		{EA0A9453-7C32-4D32-B27B-F7D7D278671F}.Debug|Any CPU.ActiveCfg = Debug|Any CPU
		{EA0A9453-7C32-4D32-B27B-F7D7D278671F}.Debug|Any CPU.Build.0 = Debug|Any CPU
		{EA0A9453-7C32-4D32-B27B-F7D7D278671F}.Release|Any CPU.ActiveCfg = Release|Any CPU
		{EA0A9453-7C32-4D32-B27B-F7D7D278671F}.Release|Any CPU.Build.0 = Release|Any CPU
		{44C41948-91E2-4B4A-94BC-AE3DEAFE1940}.Debug|Any CPU.ActiveCfg = Debug|Any CPU
		{44C41948-91E2-4B4A-94BC-AE3DEAFE1940}.Debug|Any CPU.Build.0 = Debug|Any CPU
		{44C41948-91E2-4B4A-94BC-AE3DEAFE1940}.Release|Any CPU.ActiveCfg = Release|Any CPU
		{44C41948-91E2-4B4A-94BC-AE3DEAFE1940}.Release|Any CPU.Build.0 = Release|Any CPU
		{3B929FDD-E402-40E2-97B9-89D181E61599}.Debug|Any CPU.ActiveCfg = Debug|Any CPU
		{3B929FDD-E402-40E2-97B9-89D181E61599}.Debug|Any CPU.Build.0 = Debug|Any CPU
		{3B929FDD-E402-40E2-97B9-89D181E61599}.Release|Any CPU.ActiveCfg = Release|Any CPU
		{3B929FDD-E402-40E2-97B9-89D181E61599}.Release|Any CPU.Build.0 = Release|Any CPU
	EndGlobalSection
	GlobalSection(SolutionProperties) = preSolution
		HideSolutionNode = FALSE
	EndGlobalSection
	GlobalSection(ExtensibilityGlobals) = postSolution
		SolutionGuid = {86329AB5-6099-4B24-89F2-E1A638499A1A}
	EndGlobalSection
EndGlobal
